{
  "name": "gpu-monitor-graphs",
  "version": "1.0.0",
  "lockfileVersion": 3,
  "requires": true,
  "packages": {
    "": {
      "name": "gpu-monitor-graphs",
      "version": "1.0.0",
      "dependencies": {
        "litepicker": "^2.0.12",
        "uplot": "^1.6.32"
      }
    },
    "node_modules/litepicker": {
      "version": "2.0.12",
      "resolved": "https://registry.npmjs.org/litepicker/-/litepicker-2.0.12.tgz",
      "integrity": "sha512-1N0sZJca/eALvS1hbJsVqKXwJAmp0BsJn73kZKWGGLjZkvjKr7HXGPV+/shu60aEY/JXoOg2XUmo7hbdIOsFpQ==",
      "license": "MIT"
    },
    "node_modules/uplot": {
      "version": "1.6.32",
      "resolved": "https://registry.npmjs.org/uplot/-/uplot-1.6.32.tgz",
      "integrity": "sha512-KIMVnG68zvu5XXUbC4LQEPnhwOxBuLyW1AHtpm6IKTXImkbLgkMy+jabjLgSLMasNuGGzQm/ep3tOkyTxpiQIw==",
      "license": "MIT"
    }
  }
}
